
Microsoft Visual Studio Solution File, Format Version 12.00
# Visual Studio Version 17
VisualStudioVersion = 17.12.35514.174
MinimumVisualStudioVersion = 10.0.40219.1
Project("{2150E333-8FDC-42A3-9474-1A3956D46DE8}") = "Services", "Services", "{A8FB19AE-3BFD-4B8A-876F-9525E1A3F9B5}"
EndProject
Project("{2150E333-8FDC-42A3-9474-1A3956D46DE8}") = "Catalog", "Catalog", "{E0257253-39EF-41E4-8955-D142AF5EC360}"
EndProject
Project("{FAE04EC0-301F-11D3-BF4B-00C04F79EFBC}") = "Catalog.API", "Services\Catalog\Catalog.API\Catalog.API.csproj", "{08FB5790-F392-41A5-BF4B-692F1D1A3C3D}"
EndProject
Project("{E53339B2-1760-4266-BCC7-CA923CBCF16C}") = "docker-compose", "docker-compose.dcproj", "{0DB2C974-5BF9-45EE-BBC2-58F3FC116C08}"
EndProject
Project("{2150E333-8FDC-42A3-9474-1A3956D46DE8}") = "Basket", "Basket", "{A39D2F22-B017-4973-8FCD-23E075F180AD}"
EndProject
Project("{FAE04EC0-301F-11D3-BF4B-00C04F79EFBC}") = "Basket.API", "Services\Basket\Basket.API\Basket.API.csproj", "{4A99482F-6C4C-4952-917C-290AF03AC4CA}"
EndProject
Project("{2150E333-8FDC-42A3-9474-1A3956D46DE8}") = "Discount", "Discount", "{0294BC5A-AF91-43CE-BE7C-F0AFC07E73F3}"
EndProject
Project("{FAE04EC0-301F-11D3-BF4B-00C04F79EFBC}") = "Discount.API", "Services\Discount\Discount.API\Discount.API.csproj", "{3E98811E-554A-4465-8B8F-C8E33F73D89A}"
EndProject
Project("{FAE04EC0-301F-11D3-BF4B-00C04F79EFBC}") = "Discount.Grpc", "Services\Discount\Discount.Grpc\Discount.Grpc.csproj", "{1E90E95C-4348-4EA8-94AA-B4336898450B}"
EndProject
Project("{2150E333-8FDC-42A3-9474-1A3956D46DE8}") = "Ordering", "Ordering", "{614A51B7-7F81-47A2-9842-6B0FC8DDD711}"
EndProject
Project("{FAE04EC0-301F-11D3-BF4B-00C04F79EFBC}") = "Ordering.API", "Services\Ordering\Ordering.API\Ordering.API.csproj", "{73147492-FAAE-493B-AD15-D1837FBCEBB3}"
EndProject
Project("{FAE04EC0-301F-11D3-BF4B-00C04F79EFBC}") = "Ordering.Domain", "Services\Ordering\Ordering.Domain\Ordering.Domain.csproj", "{7B4E8E6D-CDBA-4834-8873-A96B8C8EEA3B}"
EndProject
Project("{FAE04EC0-301F-11D3-BF4B-00C04F79EFBC}") = "Ordering.Application", "Services\Ordering\Ordering.Application\Ordering.Application.csproj", "{379F98BA-91FE-4396-8747-B97453324E9A}"
EndProject
Project("{FAE04EC0-301F-11D3-BF4B-00C04F79EFBC}") = "Ordering.Infrastructure", "Services\Ordering\Ordering.Infrastructure\Ordering.Infrastructure.csproj", "{426BA6DA-6B6E-4E68-A156-4BD8BB3F8DA1}"
EndProject
Global
	GlobalSection(SolutionConfigurationPlatforms) = preSolution
		Debug|Any CPU = Debug|Any CPU
		Release|Any CPU = Release|Any CPU
	EndGlobalSection
	GlobalSection(ProjectConfigurationPlatforms) = postSolution
		{08FB5790-F392-41A5-BF4B-692F1D1A3C3D}.Debug|Any CPU.ActiveCfg = Debug|Any CPU
		{08FB5790-F392-41A5-BF4B-692F1D1A3C3D}.Debug|Any CPU.Build.0 = Debug|Any CPU
		{08FB5790-F392-41A5-BF4B-692F1D1A3C3D}.Release|Any CPU.ActiveCfg = Release|Any CPU
		{08FB5790-F392-41A5-BF4B-692F1D1A3C3D}.Release|Any CPU.Build.0 = Release|Any CPU
		{0DB2C974-5BF9-45EE-BBC2-58F3FC116C08}.Debug|Any CPU.ActiveCfg = Debug|Any CPU
		{0DB2C974-5BF9-45EE-BBC2-58F3FC116C08}.Debug|Any CPU.Build.0 = Debug|Any CPU
		{0DB2C974-5BF9-45EE-BBC2-58F3FC116C08}.Release|Any CPU.ActiveCfg = Release|Any CPU
		{0DB2C974-5BF9-45EE-BBC2-58F3FC116C08}.Release|Any CPU.Build.0 = Release|Any CPU
		{4A99482F-6C4C-4952-917C-290AF03AC4CA}.Debug|Any CPU.ActiveCfg = Debug|Any CPU
		{4A99482F-6C4C-4952-917C-290AF03AC4CA}.Debug|Any CPU.Build.0 = Debug|Any CPU
		{4A99482F-6C4C-4952-917C-290AF03AC4CA}.Release|Any CPU.ActiveCfg = Release|Any CPU
		{4A99482F-6C4C-4952-917C-290AF03AC4CA}.Release|Any CPU.Build.0 = Release|Any CPU
		{3E98811E-554A-4465-8B8F-C8E33F73D89A}.Debug|Any CPU.ActiveCfg = Debug|Any CPU
		{3E98811E-554A-4465-8B8F-C8E33F73D89A}.Debug|Any CPU.Build.0 = Debug|Any CPU
		{3E98811E-554A-4465-8B8F-C8E33F73D89A}.Release|Any CPU.ActiveCfg = Release|Any CPU
		{3E98811E-554A-4465-8B8F-C8E33F73D89A}.Release|Any CPU.Build.0 = Release|Any CPU
		{1E90E95C-4348-4EA8-94AA-B4336898450B}.Debug|Any CPU.ActiveCfg = Debug|Any CPU
		{1E90E95C-4348-4EA8-94AA-B4336898450B}.Debug|Any CPU.Build.0 = Debug|Any CPU
		{1E90E95C-4348-4EA8-94AA-B4336898450B}.Release|Any CPU.ActiveCfg = Release|Any CPU
		{1E90E95C-4348-4EA8-94AA-B4336898450B}.Release|Any CPU.Build.0 = Release|Any CPU
		{73147492-FAAE-493B-AD15-D1837FBCEBB3}.Debug|Any CPU.ActiveCfg = Debug|Any CPU
		{73147492-FAAE-493B-AD15-D1837FBCEBB3}.Debug|Any CPU.Build.0 = Debug|Any CPU
		{73147492-FAAE-493B-AD15-D1837FBCEBB3}.Release|Any CPU.ActiveCfg = Release|Any CPU
		{73147492-FAAE-493B-AD15-D1837FBCEBB3}.Release|Any CPU.Build.0 = Release|Any CPU
		{7B4E8E6D-CDBA-4834-8873-A96B8C8EEA3B}.Debug|Any CPU.ActiveCfg = Debug|Any CPU
		{7B4E8E6D-CDBA-4834-8873-A96B8C8EEA3B}.Debug|Any CPU.Build.0 = Debug|Any CPU
		{7B4E8E6D-CDBA-4834-8873-A96B8C8EEA3B}.Release|Any CPU.ActiveCfg = Release|Any CPU
		{7B4E8E6D-CDBA-4834-8873-A96B8C8EEA3B}.Release|Any CPU.Build.0 = Release|Any CPU
		{379F98BA-91FE-4396-8747-B97453324E9A}.Debug|Any CPU.ActiveCfg = Debug|Any CPU
		{379F98BA-91FE-4396-8747-B97453324E9A}.Debug|Any CPU.Build.0 = Debug|Any CPU
		{379F98BA-91FE-4396-8747-B97453324E9A}.Release|Any CPU.ActiveCfg = Release|Any CPU
		{379F98BA-91FE-4396-8747-B97453324E9A}.Release|Any CPU.Build.0 = Release|Any CPU
		{426BA6DA-6B6E-4E68-A156-4BD8BB3F8DA1}.Debug|Any CPU.ActiveCfg = Debug|Any CPU
		{426BA6DA-6B6E-4E68-A156-4BD8BB3F8DA1}.Debug|Any CPU.Build.0 = Debug|Any CPU
		{426BA6DA-6B6E-4E68-A156-4BD8BB3F8DA1}.Release|Any CPU.ActiveCfg = Release|Any CPU
		{426BA6DA-6B6E-4E68-A156-4BD8BB3F8DA1}.Release|Any CPU.Build.0 = Release|Any CPU
	EndGlobalSection
	GlobalSection(SolutionProperties) = preSolution
		HideSolutionNode = FALSE
	EndGlobalSection
	GlobalSection(NestedProjects) = preSolution
		{E0257253-39EF-41E4-8955-D142AF5EC360} = {A8FB19AE-3BFD-4B8A-876F-9525E1A3F9B5}
		{08FB5790-F392-41A5-BF4B-692F1D1A3C3D} = {E0257253-39EF-41E4-8955-D142AF5EC360}
		{A39D2F22-B017-4973-8FCD-23E075F180AD} = {A8FB19AE-3BFD-4B8A-876F-9525E1A3F9B5}
		{4A99482F-6C4C-4952-917C-290AF03AC4CA} = {A39D2F22-B017-4973-8FCD-23E075F180AD}
		{0294BC5A-AF91-43CE-BE7C-F0AFC07E73F3} = {A8FB19AE-3BFD-4B8A-876F-9525E1A3F9B5}
		{3E98811E-554A-4465-8B8F-C8E33F73D89A} = {0294BC5A-AF91-43CE-BE7C-F0AFC07E73F3}
		{1E90E95C-4348-4EA8-94AA-B4336898450B} = {0294BC5A-AF91-43CE-BE7C-F0AFC07E73F3}
		{614A51B7-7F81-47A2-9842-6B0FC8DDD711} = {A8FB19AE-3BFD-4B8A-876F-9525E1A3F9B5}
		{73147492-FAAE-493B-AD15-D1837FBCEBB3} = {614A51B7-7F81-47A2-9842-6B0FC8DDD711}
		{7B4E8E6D-CDBA-4834-8873-A96B8C8EEA3B} = {614A51B7-7F81-47A2-9842-6B0FC8DDD711}
		{379F98BA-91FE-4396-8747-B97453324E9A} = {614A51B7-7F81-47A2-9842-6B0FC8DDD711}
		{426BA6DA-6B6E-4E68-A156-4BD8BB3F8DA1} = {614A51B7-7F81-47A2-9842-6B0FC8DDD711}
	EndGlobalSection
EndGlobal
